// !$*UTF8*$!
{
	archiveVersion = 1;
	classes = {
	};
	objectVersion = 50;
	objects = {

/* Begin PBXBuildFile section */
		BD1210C6265AB86F0099E858 /* AppDelegate.swift in Sources */ = {isa = PBXBuildFile; fileRef = BD1210C5265AB86F0099E858 /* AppDelegate.swift */; };
		BD1210C8265AB86F0099E858 /* SceneDelegate.swift in Sources */ = {isa = PBXBuildFile; fileRef = BD1210C7265AB86F0099E858 /* SceneDelegate.swift */; };
		BD1210D2265AB8700099E858 /* LaunchScreen.storyboard in Resources */ = {isa = PBXBuildFile; fileRef = BD1210D0265AB8700099E858 /* LaunchScreen.storyboard */; };
		BD12111E265ABF1F0099E858 /* Assets.xcassets in Resources */ = {isa = PBXBuildFile; fileRef = BD12111D265ABF1F0099E858 /* Assets.xcassets */; };
		BD22465C2667C33400AD4367 /* Assets.swift in Sources */ = {isa = PBXBuildFile; fileRef = BD22462E2667C33300AD4367 /* Assets.swift */; };
		BD22465D2667C33400AD4367 /* athletic_bilbao.mp3 in Resources */ = {isa = PBXBuildFile; fileRef = BD2246302667C33300AD4367 /* athletic_bilbao.mp3 */; };
		BD22465E2667C33400AD4367 /* burnley.mp3 in Resources */ = {isa = PBXBuildFile; fileRef = BD2246312667C33300AD4367 /* burnley.mp3 */; };
		BD22465F2667C33400AD4367 /* newcastle.mp3 in Resources */ = {isa = PBXBuildFile; fileRef = BD2246322667C33300AD4367 /* newcastle.mp3 */; };
		BD2246602667C33400AD4367 /* alavés.mp3 in Resources */ = {isa = PBXBuildFile; fileRef = BD2246332667C33300AD4367 /* alavés.mp3 */; };
		BD2246612667C33400AD4367 /* sheffield.mp3 in Resources */ = {isa = PBXBuildFile; fileRef = BD2246342667C33400AD4367 /* sheffield.mp3 */; };
		BD2246622667C33400AD4367 /* west_brom.mp3 in Resources */ = {isa = PBXBuildFile; fileRef = BD2246352667C33400AD4367 /* west_brom.mp3 */; };
		BD2246632667C33400AD4367 /* wolves.mp3 in Resources */ = {isa = PBXBuildFile; fileRef = BD2246362667C33400AD4367 /* wolves.mp3 */; };
		BD2246642667C33400AD4367 /* aston_villa.mp3 in Resources */ = {isa = PBXBuildFile; fileRef = BD2246372667C33400AD4367 /* aston_villa.mp3 */; };
		BD2246652667C33400AD4367 /* liverpool.mp3 in Resources */ = {isa = PBXBuildFile; fileRef = BD2246382667C33400AD4367 /* liverpool.mp3 */; };
		BD2246662667C33400AD4367 /* fulham.mp3 in Resources */ = {isa = PBXBuildFile; fileRef = BD2246392667C33400AD4367 /* fulham.mp3 */; };
		BD2246672667C33400AD4367 /* southampton.mp3 in Resources */ = {isa = PBXBuildFile; fileRef = BD22463A2667C33400AD4367 /* southampton.mp3 */; };
		BD2246682667C33400AD4367 /* chelsea.mp3 in Resources */ = {isa = PBXBuildFile; fileRef = BD22463B2667C33400AD4367 /* chelsea.mp3 */; };
		BD2246692667C33400AD4367 /* leeds.mp3 in Resources */ = {isa = PBXBuildFile; fileRef = BD22463C2667C33400AD4367 /* leeds.mp3 */; };
		BD22466A2667C33400AD4367 /* palace.mp3 in Resources */ = {isa = PBXBuildFile; fileRef = BD22463D2667C33400AD4367 /* palace.mp3 */; };
		BD22466B2667C33400AD4367 /* tottenham.mp3 in Resources */ = {isa = PBXBuildFile; fileRef = BD22463E2667C33400AD4367 /* tottenham.mp3 */; };
		BD22466C2667C33400AD4367 /* barcelona.mp3 in Resources */ = {isa = PBXBuildFile; fileRef = BD22463F2667C33400AD4367 /* barcelona.mp3 */; };
		BD22466D2667C33400AD4367 /* atlético_madrid.mp3 in Resources */ = {isa = PBXBuildFile; fileRef = BD2246402667C33400AD4367 /* atlético_madrid.mp3 */; };
		BD22466E2667C33400AD4367 /* brighton.mp3 in Resources */ = {isa = PBXBuildFile; fileRef = BD2246412667C33400AD4367 /* brighton.mp3 */; };
		BD22466F2667C33400AD4367 /* leicester.mp3 in Resources */ = {isa = PBXBuildFile; fileRef = BD2246422667C33400AD4367 /* leicester.mp3 */; };
		BD2246702667C33400AD4367 /* manchester_city.mp3 in Resources */ = {isa = PBXBuildFile; fileRef = BD2246432667C33400AD4367 /* manchester_city.mp3 */; };
		BD2246712667C33400AD4367 /* manchester_united.mp3 in Resources */ = {isa = PBXBuildFile; fileRef = BD2246442667C33400AD4367 /* manchester_united.mp3 */; };
		BD2246722667C33400AD4367 /* arsenal.mp3 in Resources */ = {isa = PBXBuildFile; fileRef = BD2246452667C33400AD4367 /* arsenal.mp3 */; };
		BD2246732667C33400AD4367 /* everton.mp3 in Resources */ = {isa = PBXBuildFile; fileRef = BD2246462667C33400AD4367 /* everton.mp3 */; };
		BD2246742667C33400AD4367 /* TeamEnum.swift in Sources */ = {isa = PBXBuildFile; fileRef = BD2246472667C33400AD4367 /* TeamEnum.swift */; };
		BD2246762667C33400AD4367 /* AudioManagerViewModel.swift in Sources */ = {isa = PBXBuildFile; fileRef = BD22464A2667C33400AD4367 /* AudioManagerViewModel.swift */; };
		BD2246772667C33400AD4367 /* LeagueViewModel.swift in Sources */ = {isa = PBXBuildFile; fileRef = BD22464B2667C33400AD4367 /* LeagueViewModel.swift */; };
		BD2246782667C33400AD4367 /* TeamTableViewCell.swift in Sources */ = {isa = PBXBuildFile; fileRef = BD22464E2667C33400AD4367 /* TeamTableViewCell.swift */; };
		BD2246792667C33400AD4367 /* LeagueCollectionViewCell.swift in Sources */ = {isa = PBXBuildFile; fileRef = BD2246502667C33400AD4367 /* LeagueCollectionViewCell.swift */; };
		BD22467A2667C33400AD4367 /* FormCompositionalLayout.swift in Sources */ = {isa = PBXBuildFile; fileRef = BD2246512667C33400AD4367 /* FormCompositionalLayout.swift */; };
		BD22467B2667C33400AD4367 /* LeagueViewController.swift in Sources */ = {isa = PBXBuildFile; fileRef = BD2246532667C33400AD4367 /* LeagueViewController.swift */; };
		BD22467C2667C33400AD4367 /* TeamsViewController.swift in Sources */ = {isa = PBXBuildFile; fileRef = BD2246542667C33400AD4367 /* TeamsViewController.swift */; };
		BD22467D2667C33400AD4367 /* TeamTableViewCellDelegate.swift in Sources */ = {isa = PBXBuildFile; fileRef = BD2246562667C33400AD4367 /* TeamTableViewCellDelegate.swift */; };
		BD22467E2667C33400AD4367 /* Manager.swift in Sources */ = {isa = PBXBuildFile; fileRef = BD2246582667C33400AD4367 /* Manager.swift */; };
		BD22467F2667C33400AD4367 /* Colour.swift in Sources */ = {isa = PBXBuildFile; fileRef = BD2246592667C33400AD4367 /* Colour.swift */; };
		BD2246802667C33400AD4367 /* Team.swift in Sources */ = {isa = PBXBuildFile; fileRef = BD22465A2667C33400AD4367 /* Team.swift */; };
		BD2246812667C33400AD4367 /* League.swift in Sources */ = {isa = PBXBuildFile; fileRef = BD22465B2667C33400AD4367 /* League.swift */; };
		BD2246852667D1C200AD4367 /* Juventus.mp3 in Resources */ = {isa = PBXBuildFile; fileRef = BD2246842667D1C200AD4367 /* Juventus.mp3 */; };
		BDBA5D94266A27810036FB39 /* Bordeaux.mp3 in Resources */ = {isa = PBXBuildFile; fileRef = BDBA5D8E266A27800036FB39 /* Bordeaux.mp3 */; };
		BDBA5D95266A27810036FB39 /* Brest.mp3 in Resources */ = {isa = PBXBuildFile; fileRef = BDBA5D8F266A27800036FB39 /* Brest.mp3 */; };
		BDBA5D96266A27810036FB39 /* Lens.mp3 in Resources */ = {isa = PBXBuildFile; fileRef = BDBA5D90266A27800036FB39 /* Lens.mp3 */; };
		BDBA5D97266A27810036FB39 /* Dijon.mp3 in Resources */ = {isa = PBXBuildFile; fileRef = BDBA5D91266A27810036FB39 /* Dijon.mp3 */; };
		BDBA5D98266A27810036FB39 /* PSG.mp3 in Resources */ = {isa = PBXBuildFile; fileRef = BDBA5D92266A27810036FB39 /* PSG.mp3 */; };
		BDBA5D99266A27810036FB39 /* Angers.mp3 in Resources */ = {isa = PBXBuildFile; fileRef = BDBA5D93266A27810036FB39 /* Angers.mp3 */; };
		BDBA5D9D266A37610036FB39 /* Atalanta.mp3 in Resources */ = {isa = PBXBuildFile; fileRef = BDBA5D9A266A37610036FB39 /* Atalanta.mp3 */; };
		BDBA5D9E266A37610036FB39 /* Internazionale.mp3 in Resources */ = {isa = PBXBuildFile; fileRef = BDBA5D9B266A37610036FB39 /* Internazionale.mp3 */; };
		BDBA5D9F266A37610036FB39 /* Milan.mp3 in Resources */ = {isa = PBXBuildFile; fileRef = BDBA5D9C266A37610036FB39 /* Milan.mp3 */; };
/* End PBXBuildFile section */

/* Begin PBXFileReference section */
		BD1210C2265AB86F0099E858 /* FootieChants.app */ = {isa = PBXFileReference; explicitFileType = wrapper.application; includeInIndex = 0; path = FootieChants.app; sourceTree = BUILT_PRODUCTS_DIR; };
		BD1210C5265AB86F0099E858 /* AppDelegate.swift */ = {isa = PBXFileReference; lastKnownFileType = sourcecode.swift; path = AppDelegate.swift; sourceTree = "<group>"; };
		BD1210C7265AB86F0099E858 /* SceneDelegate.swift */ = {isa = PBXFileReference; lastKnownFileType = sourcecode.swift; path = SceneDelegate.swift; sourceTree = "<group>"; };
		BD1210D1265AB8700099E858 /* Base */ = {isa = PBXFileReference; lastKnownFileType = file.storyboard; name = Base; path = Base.lproj/LaunchScreen.storyboard; sourceTree = "<group>"; };
		BD1210D3265AB8700099E858 /* Info.plist */ = {isa = PBXFileReference; lastKnownFileType = text.plist.xml; path = Info.plist; sourceTree = "<group>"; };
		BD12111D265ABF1F0099E858 /* Assets.xcassets */ = {isa = PBXFileReference; lastKnownFileType = folder.assetcatalog; path = Assets.xcassets; sourceTree = "<group>"; };
		BD22462E2667C33300AD4367 /* Assets.swift */ = {isa = PBXFileReference; fileEncoding = 4; lastKnownFileType = sourcecode.swift; path = Assets.swift; sourceTree = "<group>"; };
		BD2246302667C33300AD4367 /* athletic_bilbao.mp3 */ = {isa = PBXFileReference; lastKnownFileType = audio.mp3; path = athletic_bilbao.mp3; sourceTree = "<group>"; };
		BD2246312667C33300AD4367 /* burnley.mp3 */ = {isa = PBXFileReference; lastKnownFileType = audio.mp3; path = burnley.mp3; sourceTree = "<group>"; };
		BD2246322667C33300AD4367 /* newcastle.mp3 */ = {isa = PBXFileReference; lastKnownFileType = audio.mp3; path = newcastle.mp3; sourceTree = "<group>"; };
		BD2246332667C33300AD4367 /* alavés.mp3 */ = {isa = PBXFileReference; lastKnownFileType = audio.mp3; path = "alavés.mp3"; sourceTree = "<group>"; };
		BD2246342667C33400AD4367 /* sheffield.mp3 */ = {isa = PBXFileReference; lastKnownFileType = audio.mp3; path = sheffield.mp3; sourceTree = "<group>"; };
		BD2246352667C33400AD4367 /* west_brom.mp3 */ = {isa = PBXFileReference; lastKnownFileType = audio.mp3; path = west_brom.mp3; sourceTree = "<group>"; };
		BD2246362667C33400AD4367 /* wolves.mp3 */ = {isa = PBXFileReference; lastKnownFileType = audio.mp3; path = wolves.mp3; sourceTree = "<group>"; };
		BD2246372667C33400AD4367 /* aston_villa.mp3 */ = {isa = PBXFileReference; lastKnownFileType = audio.mp3; path = aston_villa.mp3; sourceTree = "<group>"; };
		BD2246382667C33400AD4367 /* liverpool.mp3 */ = {isa = PBXFileReference; lastKnownFileType = audio.mp3; path = liverpool.mp3; sourceTree = "<group>"; };
		BD2246392667C33400AD4367 /* fulham.mp3 */ = {isa = PBXFileReference; lastKnownFileType = audio.mp3; path = fulham.mp3; sourceTree = "<group>"; };
		BD22463A2667C33400AD4367 /* southampton.mp3 */ = {isa = PBXFileReference; lastKnownFileType = audio.mp3; path = southampton.mp3; sourceTree = "<group>"; };
		BD22463B2667C33400AD4367 /* chelsea.mp3 */ = {isa = PBXFileReference; lastKnownFileType = audio.mp3; path = chelsea.mp3; sourceTree = "<group>"; };
		BD22463C2667C33400AD4367 /* leeds.mp3 */ = {isa = PBXFileReference; lastKnownFileType = audio.mp3; path = leeds.mp3; sourceTree = "<group>"; };
		BD22463D2667C33400AD4367 /* palace.mp3 */ = {isa = PBXFileReference; lastKnownFileType = audio.mp3; path = palace.mp3; sourceTree = "<group>"; };
		BD22463E2667C33400AD4367 /* tottenham.mp3 */ = {isa = PBXFileReference; lastKnownFileType = audio.mp3; path = tottenham.mp3; sourceTree = "<group>"; };
		BD22463F2667C33400AD4367 /* barcelona.mp3 */ = {isa = PBXFileReference; lastKnownFileType = audio.mp3; path = barcelona.mp3; sourceTree = "<group>"; };
		BD2246402667C33400AD4367 /* atlético_madrid.mp3 */ = {isa = PBXFileReference; lastKnownFileType = audio.mp3; path = "atlético_madrid.mp3"; sourceTree = "<group>"; };
		BD2246412667C33400AD4367 /* brighton.mp3 */ = {isa = PBXFileReference; lastKnownFileType = audio.mp3; path = brighton.mp3; sourceTree = "<group>"; };
		BD2246422667C33400AD4367 /* leicester.mp3 */ = {isa = PBXFileReference; lastKnownFileType = audio.mp3; path = leicester.mp3; sourceTree = "<group>"; };
		BD2246432667C33400AD4367 /* manchester_city.mp3 */ = {isa = PBXFileReference; lastKnownFileType = audio.mp3; path = manchester_city.mp3; sourceTree = "<group>"; };
		BD2246442667C33400AD4367 /* manchester_united.mp3 */ = {isa = PBXFileReference; lastKnownFileType = audio.mp3; path = manchester_united.mp3; sourceTree = "<group>"; };
		BD2246452667C33400AD4367 /* arsenal.mp3 */ = {isa = PBXFileReference; lastKnownFileType = audio.mp3; path = arsenal.mp3; sourceTree = "<group>"; };
		BD2246462667C33400AD4367 /* everton.mp3 */ = {isa = PBXFileReference; lastKnownFileType = audio.mp3; path = everton.mp3; sourceTree = "<group>"; };
		BD2246472667C33400AD4367 /* TeamEnum.swift */ = {isa = PBXFileReference; fileEncoding = 4; lastKnownFileType = sourcecode.swift; path = TeamEnum.swift; sourceTree = "<group>"; };
		BD22464A2667C33400AD4367 /* AudioManagerViewModel.swift */ = {isa = PBXFileReference; fileEncoding = 4; lastKnownFileType = sourcecode.swift; path = AudioManagerViewModel.swift; sourceTree = "<group>"; };
		BD22464B2667C33400AD4367 /* LeagueViewModel.swift */ = {isa = PBXFileReference; fileEncoding = 4; lastKnownFileType = sourcecode.swift; path = LeagueViewModel.swift; sourceTree = "<group>"; };
		BD22464E2667C33400AD4367 /* TeamTableViewCell.swift */ = {isa = PBXFileReference; fileEncoding = 4; lastKnownFileType = sourcecode.swift; path = TeamTableViewCell.swift; sourceTree = "<group>"; };
		BD2246502667C33400AD4367 /* LeagueCollectionViewCell.swift */ = {isa = PBXFileReference; fileEncoding = 4; lastKnownFileType = sourcecode.swift; path = LeagueCollectionViewCell.swift; sourceTree = "<group>"; };
		BD2246512667C33400AD4367 /* FormCompositionalLayout.swift */ = {isa = PBXFileReference; fileEncoding = 4; lastKnownFileType = sourcecode.swift; path = FormCompositionalLayout.swift; sourceTree = "<group>"; };
		BD2246532667C33400AD4367 /* LeagueViewController.swift */ = {isa = PBXFileReference; fileEncoding = 4; lastKnownFileType = sourcecode.swift; path = LeagueViewController.swift; sourceTree = "<group>"; };
		BD2246542667C33400AD4367 /* TeamsViewController.swift */ = {isa = PBXFileReference; fileEncoding = 4; lastKnownFileType = sourcecode.swift; path = TeamsViewController.swift; sourceTree = "<group>"; };
		BD2246562667C33400AD4367 /* TeamTableViewCellDelegate.swift */ = {isa = PBXFileReference; fileEncoding = 4; lastKnownFileType = sourcecode.swift; path = TeamTableViewCellDelegate.swift; sourceTree = "<group>"; };
		BD2246582667C33400AD4367 /* Manager.swift */ = {isa = PBXFileReference; fileEncoding = 4; lastKnownFileType = sourcecode.swift; path = Manager.swift; sourceTree = "<group>"; };
		BD2246592667C33400AD4367 /* Colour.swift */ = {isa = PBXFileReference; fileEncoding = 4; lastKnownFileType = sourcecode.swift; path = Colour.swift; sourceTree = "<group>"; };
		BD22465A2667C33400AD4367 /* Team.swift */ = {isa = PBXFileReference; fileEncoding = 4; lastKnownFileType = sourcecode.swift; path = Team.swift; sourceTree = "<group>"; };
		BD22465B2667C33400AD4367 /* League.swift */ = {isa = PBXFileReference; fileEncoding = 4; lastKnownFileType = sourcecode.swift; path = League.swift; sourceTree = "<group>"; };
		BD2246842667D1C200AD4367 /* Juventus.mp3 */ = {isa = PBXFileReference; lastKnownFileType = audio.mp3; path = Juventus.mp3; sourceTree = "<group>"; };
		BDBA5D8E266A27800036FB39 /* Bordeaux.mp3 */ = {isa = PBXFileReference; lastKnownFileType = audio.mp3; path = Bordeaux.mp3; sourceTree = "<group>"; };
		BDBA5D8F266A27800036FB39 /* Brest.mp3 */ = {isa = PBXFileReference; lastKnownFileType = audio.mp3; path = Brest.mp3; sourceTree = "<group>"; };
		BDBA5D90266A27800036FB39 /* Lens.mp3 */ = {isa = PBXFileReference; lastKnownFileType = audio.mp3; path = Lens.mp3; sourceTree = "<group>"; };
		BDBA5D91266A27810036FB39 /* Dijon.mp3 */ = {isa = PBXFileReference; lastKnownFileType = audio.mp3; path = Dijon.mp3; sourceTree = "<group>"; };
		BDBA5D92266A27810036FB39 /* PSG.mp3 */ = {isa = PBXFileReference; lastKnownFileType = audio.mp3; name = PSG.mp3; path = ../../../../../../../../Downloads/Ligue1Chants/PSG.mp3; sourceTree = "<group>"; };
		BDBA5D93266A27810036FB39 /* Angers.mp3 */ = {isa = PBXFileReference; lastKnownFileType = audio.mp3; path = Angers.mp3; sourceTree = "<group>"; };
		BDBA5D9A266A37610036FB39 /* Atalanta.mp3 */ = {isa = PBXFileReference; lastKnownFileType = audio.mp3; path = Atalanta.mp3; sourceTree = "<group>"; };
		BDBA5D9B266A37610036FB39 /* Internazionale.mp3 */ = {isa = PBXFileReference; lastKnownFileType = audio.mp3; path = Internazionale.mp3; sourceTree = "<group>"; };
		BDBA5D9C266A37610036FB39 /* Milan.mp3 */ = {isa = PBXFileReference; lastKnownFileType = audio.mp3; path = Milan.mp3; sourceTree = "<group>"; };
/* End PBXFileReference section */

/* Begin PBXFrameworksBuildPhase section */
		BD1210BF265AB86F0099E858 /* Frameworks */ = {
			isa = PBXFrameworksBuildPhase;
			buildActionMask = 2147483647;
			files = (
			);
			runOnlyForDeploymentPostprocessing = 0;
		};
/* End PBXFrameworksBuildPhase section */

/* Begin PBXGroup section */
		BD1210B9265AB86F0099E858 = {
			isa = PBXGroup;
			children = (
				BD1210C4265AB86F0099E858 /* FootieChants */,
				BD1210C3265AB86F0099E858 /* Products */,
			);
			sourceTree = "<group>";
		};
		BD1210C3265AB86F0099E858 /* Products */ = {
			isa = PBXGroup;
			children = (
				BD1210C2265AB86F0099E858 /* FootieChants.app */,
			);
			name = Products;
			sourceTree = "<group>";
		};
		BD1210C4265AB86F0099E858 /* FootieChants */ = {
			isa = PBXGroup;
			children = (
				BD2246572667C33400AD4367 /* Model */,
				BD2246552667C33400AD4367 /* Protocol */,
				BD22462D2667C33300AD4367 /* Resources */,
				BD2246522667C33400AD4367 /* ViewControllers */,
				BD2246492667C33400AD4367 /* ViewModels */,
				BD22464C2667C33400AD4367 /* Views */,
				BD12111D265ABF1F0099E858 /* Assets.xcassets */,
				BD1210C5265AB86F0099E858 /* AppDelegate.swift */,
				BD1210C7265AB86F0099E858 /* SceneDelegate.swift */,
				BD1210D0265AB8700099E858 /* LaunchScreen.storyboard */,
				BD1210D3265AB8700099E858 /* Info.plist */,
			);
			path = FootieChants;
			sourceTree = "<group>";
		};
		BD22462D2667C33300AD4367 /* Resources */ = {
			isa = PBXGroup;
			children = (
				BD22462E2667C33300AD4367 /* Assets.swift */,
				BD22462F2667C33300AD4367 /* Chants */,
				BD2246472667C33400AD4367 /* TeamEnum.swift */,
			);
			path = Resources;
			sourceTree = "<group>";
		};
		BD22462F2667C33300AD4367 /* Chants */ = {
			isa = PBXGroup;
			children = (
				BDBA5D9A266A37610036FB39 /* Atalanta.mp3 */,
				BDBA5D9B266A37610036FB39 /* Internazionale.mp3 */,
				BDBA5D9C266A37610036FB39 /* Milan.mp3 */,
				BDBA5D93266A27810036FB39 /* Angers.mp3 */,
				BDBA5D8E266A27800036FB39 /* Bordeaux.mp3 */,
				BDBA5D8F266A27800036FB39 /* Brest.mp3 */,
				BDBA5D91266A27810036FB39 /* Dijon.mp3 */,
				BDBA5D90266A27800036FB39 /* Lens.mp3 */,
				BDBA5D92266A27810036FB39 /* PSG.mp3 */,
				BD2246842667D1C200AD4367 /* Juventus.mp3 */,
				BD2246302667C33300AD4367 /* athletic_bilbao.mp3 */,
				BD2246312667C33300AD4367 /* burnley.mp3 */,
				BD2246322667C33300AD4367 /* newcastle.mp3 */,
				BD2246332667C33300AD4367 /* alavés.mp3 */,
				BD2246342667C33400AD4367 /* sheffield.mp3 */,
				BD2246352667C33400AD4367 /* west_brom.mp3 */,
				BD2246362667C33400AD4367 /* wolves.mp3 */,
				BD2246372667C33400AD4367 /* aston_villa.mp3 */,
				BD2246382667C33400AD4367 /* liverpool.mp3 */,
				BD2246392667C33400AD4367 /* fulham.mp3 */,
				BD22463A2667C33400AD4367 /* southampton.mp3 */,
				BD22463B2667C33400AD4367 /* chelsea.mp3 */,
				BD22463C2667C33400AD4367 /* leeds.mp3 */,
				BD22463D2667C33400AD4367 /* palace.mp3 */,
				BD22463E2667C33400AD4367 /* tottenham.mp3 */,
				BD22463F2667C33400AD4367 /* barcelona.mp3 */,
				BD2246402667C33400AD4367 /* atlético_madrid.mp3 */,
				BD2246412667C33400AD4367 /* brighton.mp3 */,
				BD2246422667C33400AD4367 /* leicester.mp3 */,
				BD2246432667C33400AD4367 /* manchester_city.mp3 */,
				BD2246442667C33400AD4367 /* manchester_united.mp3 */,
				BD2246452667C33400AD4367 /* arsenal.mp3 */,
				BD2246462667C33400AD4367 /* everton.mp3 */,
			);
			path = Chants;
			sourceTree = "<group>";
		};
		BD2246492667C33400AD4367 /* ViewModels */ = {
			isa = PBXGroup;
			children = (
				BD22464A2667C33400AD4367 /* AudioManagerViewModel.swift */,
				BD22464B2667C33400AD4367 /* LeagueViewModel.swift */,
			);
			path = ViewModels;
			sourceTree = "<group>";
		};
		BD22464C2667C33400AD4367 /* Views */ = {
			isa = PBXGroup;
			children = (
				BD22464D2667C33400AD4367 /* TableViewCells */,
				BD22464F2667C33400AD4367 /* CollectionViewCells */,
			);
			path = Views;
			sourceTree = "<group>";
		};
		BD22464D2667C33400AD4367 /* TableViewCells */ = {
			isa = PBXGroup;
			children = (
				BD22464E2667C33400AD4367 /* TeamTableViewCell.swift */,
			);
			path = TableViewCells;
			sourceTree = "<group>";
		};
		BD22464F2667C33400AD4367 /* CollectionViewCells */ = {
			isa = PBXGroup;
			children = (
				BD2246502667C33400AD4367 /* LeagueCollectionViewCell.swift */,
				BD2246512667C33400AD4367 /* FormCompositionalLayout.swift */,
			);
			path = CollectionViewCells;
			sourceTree = "<group>";
		};
		BD2246522667C33400AD4367 /* ViewControllers */ = {
			isa = PBXGroup;
			children = (
				BD2246532667C33400AD4367 /* LeagueViewController.swift */,
				BD2246542667C33400AD4367 /* TeamsViewController.swift */,
			);
			path = ViewControllers;
			sourceTree = "<group>";
		};
		BD2246552667C33400AD4367 /* Protocol */ = {
			isa = PBXGroup;
			children = (
				BD2246562667C33400AD4367 /* TeamTableViewCellDelegate.swift */,
			);
			path = Protocol;
			sourceTree = "<group>";
		};
		BD2246572667C33400AD4367 /* Model */ = {
			isa = PBXGroup;
			children = (
				BD2246582667C33400AD4367 /* Manager.swift */,
				BD2246592667C33400AD4367 /* Colour.swift */,
				BD22465A2667C33400AD4367 /* Team.swift */,
				BD22465B2667C33400AD4367 /* League.swift */,
			);
			path = Model;
			sourceTree = "<group>";
		};
/* End PBXGroup section */

/* Begin PBXNativeTarget section */
		BD1210C1265AB86F0099E858 /* FootieChants */ = {
			isa = PBXNativeTarget;
			buildConfigurationList = BD1210D6265AB8700099E858 /* Build configuration list for PBXNativeTarget "FootieChants" */;
			buildPhases = (
				BD1210BE265AB86F0099E858 /* Sources */,
				BD1210BF265AB86F0099E858 /* Frameworks */,
				BD1210C0265AB86F0099E858 /* Resources */,
			);
			buildRules = (
			);
			dependencies = (
			);
			name = FootieChants;
			productName = FootieChants;
			productReference = BD1210C2265AB86F0099E858 /* FootieChants.app */;
			productType = "com.apple.product-type.application";
		};
/* End PBXNativeTarget section */

/* Begin PBXProject section */
		BD1210BA265AB86F0099E858 /* Project object */ = {
			isa = PBXProject;
			attributes = {
				LastSwiftUpdateCheck = 1250;
				LastUpgradeCheck = 1250;
				TargetAttributes = {
					BD1210C1265AB86F0099E858 = {
						CreatedOnToolsVersion = 12.5;
					};
				};
			};
			buildConfigurationList = BD1210BD265AB86F0099E858 /* Build configuration list for PBXProject "FootieChants" */;
			compatibilityVersion = "Xcode 9.3";
			developmentRegion = en;
			hasScannedForEncodings = 0;
			knownRegions = (
				en,
				Base,
			);
			mainGroup = BD1210B9265AB86F0099E858;
			productRefGroup = BD1210C3265AB86F0099E858 /* Products */;
			projectDirPath = "";
			projectRoot = "";
			targets = (
				BD1210C1265AB86F0099E858 /* FootieChants */,
			);
		};
/* End PBXProject section */

/* Begin PBXResourcesBuildPhase section */
		BD1210C0265AB86F0099E858 /* Resources */ = {
			isa = PBXResourcesBuildPhase;
			buildActionMask = 2147483647;
			files = (
				BD2246642667C33400AD4367 /* aston_villa.mp3 in Resources */,
				BD12111E265ABF1F0099E858 /* Assets.xcassets in Resources */,
				BD22466C2667C33400AD4367 /* barcelona.mp3 in Resources */,
				BD1210D2265AB8700099E858 /* LaunchScreen.storyboard in Resources */,
				BD22466E2667C33400AD4367 /* brighton.mp3 in Resources */,
				BD2246602667C33400AD4367 /* alavés.mp3 in Resources */,
				BD2246692667C33400AD4367 /* leeds.mp3 in Resources */,
				BD2246682667C33400AD4367 /* chelsea.mp3 in Resources */,
				BD2246622667C33400AD4367 /* west_brom.mp3 in Resources */,
				BD22466B2667C33400AD4367 /* tottenham.mp3 in Resources */,
				BDBA5D9F266A37610036FB39 /* Milan.mp3 in Resources */,
				BD2246852667D1C200AD4367 /* Juventus.mp3 in Resources */,
				BDBA5D96266A27810036FB39 /* Lens.mp3 in Resources */,
				BDBA5D95266A27810036FB39 /* Brest.mp3 in Resources */,
				BD2246722667C33400AD4367 /* arsenal.mp3 in Resources */,
				BDBA5D98266A27810036FB39 /* PSG.mp3 in Resources */,
				BDBA5D9E266A37610036FB39 /* Internazionale.mp3 in Resources */,
				BD2246632667C33400AD4367 /* wolves.mp3 in Resources */,
				BD2246732667C33400AD4367 /* everton.mp3 in Resources */,
				BDBA5D9D266A37610036FB39 /* Atalanta.mp3 in Resources */,
				BDBA5D99266A27810036FB39 /* Angers.mp3 in Resources */,
				BD22466F2667C33400AD4367 /* leicester.mp3 in Resources */,
				BD22465E2667C33400AD4367 /* burnley.mp3 in Resources */,
				BD2246712667C33400AD4367 /* manchester_united.mp3 in Resources */,
				BD2246702667C33400AD4367 /* manchester_city.mp3 in Resources */,
				BD2246672667C33400AD4367 /* southampton.mp3 in Resources */,
				BD22466D2667C33400AD4367 /* atlético_madrid.mp3 in Resources */,
				BD22465F2667C33400AD4367 /* newcastle.mp3 in Resources */,
				BD22466A2667C33400AD4367 /* palace.mp3 in Resources */,
				BDBA5D97266A27810036FB39 /* Dijon.mp3 in Resources */,
				BD2246612667C33400AD4367 /* sheffield.mp3 in Resources */,
				BDBA5D94266A27810036FB39 /* Bordeaux.mp3 in Resources */,
				BD22465D2667C33400AD4367 /* athletic_bilbao.mp3 in Resources */,
				BD2246652667C33400AD4367 /* liverpool.mp3 in Resources */,
				BD2246662667C33400AD4367 /* fulham.mp3 in Resources */,
			);
			runOnlyForDeploymentPostprocessing = 0;
		};
/* End PBXResourcesBuildPhase section */

/* Begin PBXSourcesBuildPhase section */
		BD1210BE265AB86F0099E858 /* Sources */ = {
			isa = PBXSourcesBuildPhase;
			buildActionMask = 2147483647;
			files = (
				BD22467F2667C33400AD4367 /* Colour.swift in Sources */,
				BD1210C6265AB86F0099E858 /* AppDelegate.swift in Sources */,
				BD22467C2667C33400AD4367 /* TeamsViewController.swift in Sources */,
				BD22467B2667C33400AD4367 /* LeagueViewController.swift in Sources */,
				BD2246792667C33400AD4367 /* LeagueCollectionViewCell.swift in Sources */,
				BD2246762667C33400AD4367 /* AudioManagerViewModel.swift in Sources */,
				BD22467A2667C33400AD4367 /* FormCompositionalLayout.swift in Sources */,
				BD2246742667C33400AD4367 /* TeamEnum.swift in Sources */,
				BD22467D2667C33400AD4367 /* TeamTableViewCellDelegate.swift in Sources */,
				BD2246782667C33400AD4367 /* TeamTableViewCell.swift in Sources */,
				BD2246772667C33400AD4367 /* LeagueViewModel.swift in Sources */,
				BD2246802667C33400AD4367 /* Team.swift in Sources */,
				BD22467E2667C33400AD4367 /* Manager.swift in Sources */,
				BD2246812667C33400AD4367 /* League.swift in Sources */,
				BD1210C8265AB86F0099E858 /* SceneDelegate.swift in Sources */,
				BD22465C2667C33400AD4367 /* Assets.swift in Sources */,
			);
			runOnlyForDeploymentPostprocessing = 0;
		};
/* End PBXSourcesBuildPhase section */

/* Begin PBXVariantGroup section */
		BD1210D0265AB8700099E858 /* LaunchScreen.storyboard */ = {
			isa = PBXVariantGroup;
			children = (
				BD1210D1265AB8700099E858 /* Base */,
			);
			name = LaunchScreen.storyboard;
			sourceTree = "<group>";
		};
/* End PBXVariantGroup section */

/* Begin XCBuildConfiguration section */
		BD1210D4265AB8700099E858 /* Debug */ = {
			isa = XCBuildConfiguration;
			buildSettings = {
				ALWAYS_SEARCH_USER_PATHS = NO;
				CLANG_ANALYZER_NONNULL = YES;
				CLANG_ANALYZER_NUMBER_OBJECT_CONVERSION = YES_AGGRESSIVE;
				CLANG_CXX_LANGUAGE_STANDARD = "gnu++14";
				CLANG_CXX_LIBRARY = "libc++";
				CLANG_ENABLE_MODULES = YES;
				CLANG_ENABLE_OBJC_ARC = YES;
				CLANG_ENABLE_OBJC_WEAK = YES;
				CLANG_WARN_BLOCK_CAPTURE_AUTORELEASING = YES;
				CLANG_WARN_BOOL_CONVERSION = YES;
				CLANG_WARN_COMMA = YES;
				CLANG_WARN_CONSTANT_CONVERSION = YES;
				CLANG_WARN_DEPRECATED_OBJC_IMPLEMENTATIONS = YES;
				CLANG_WARN_DIRECT_OBJC_ISA_USAGE = YES_ERROR;
				CLANG_WARN_DOCUMENTATION_COMMENTS = YES;
				CLANG_WARN_EMPTY_BODY = YES;
				CLANG_WARN_ENUM_CONVERSION = YES;
				CLANG_WARN_INFINITE_RECURSION = YES;
				CLANG_WARN_INT_CONVERSION = YES;
				CLANG_WARN_NON_LITERAL_NULL_CONVERSION = YES;
				CLANG_WARN_OBJC_IMPLICIT_RETAIN_SELF = YES;
				CLANG_WARN_OBJC_LITERAL_CONVERSION = YES;
				CLANG_WARN_OBJC_ROOT_CLASS = YES_ERROR;
				CLANG_WARN_QUOTED_INCLUDE_IN_FRAMEWORK_HEADER = YES;
				CLANG_WARN_RANGE_LOOP_ANALYSIS = YES;
				CLANG_WARN_STRICT_PROTOTYPES = YES;
				CLANG_WARN_SUSPICIOUS_MOVE = YES;
				CLANG_WARN_UNGUARDED_AVAILABILITY = YES_AGGRESSIVE;
				CLANG_WARN_UNREACHABLE_CODE = YES;
				CLANG_WARN__DUPLICATE_METHOD_MATCH = YES;
				COPY_PHASE_STRIP = NO;
				DEBUG_INFORMATION_FORMAT = dwarf;
				ENABLE_STRICT_OBJC_MSGSEND = YES;
				ENABLE_TESTABILITY = YES;
				GCC_C_LANGUAGE_STANDARD = gnu11;
				GCC_DYNAMIC_NO_PIC = NO;
				GCC_NO_COMMON_BLOCKS = YES;
				GCC_OPTIMIZATION_LEVEL = 0;
				GCC_PREPROCESSOR_DEFINITIONS = (
					"DEBUG=1",
					"$(inherited)",
				);
				GCC_WARN_64_TO_32_BIT_CONVERSION = YES;
				GCC_WARN_ABOUT_RETURN_TYPE = YES_ERROR;
				GCC_WARN_UNDECLARED_SELECTOR = YES;
				GCC_WARN_UNINITIALIZED_AUTOS = YES_AGGRESSIVE;
				GCC_WARN_UNUSED_FUNCTION = YES;
				GCC_WARN_UNUSED_VARIABLE = YES;
				IPHONEOS_DEPLOYMENT_TARGET = 14.5;
				MTL_ENABLE_DEBUG_INFO = INCLUDE_SOURCE;
				MTL_FAST_MATH = YES;
				ONLY_ACTIVE_ARCH = YES;
				SDKROOT = iphoneos;
				SWIFT_ACTIVE_COMPILATION_CONDITIONS = DEBUG;
				SWIFT_OPTIMIZATION_LEVEL = "-Onone";
			};
			name = Debug;
		};
		BD1210D5265AB8700099E858 /* Release */ = {
			isa = XCBuildConfiguration;
			buildSettings = {
				ALWAYS_SEARCH_USER_PATHS = NO;
				CLANG_ANALYZER_NONNULL = YES;
				CLANG_ANALYZER_NUMBER_OBJECT_CONVERSION = YES_AGGRESSIVE;
				CLANG_CXX_LANGUAGE_STANDARD = "gnu++14";
				CLANG_CXX_LIBRARY = "libc++";
				CLANG_ENABLE_MODULES = YES;
				CLANG_ENABLE_OBJC_ARC = YES;
				CLANG_ENABLE_OBJC_WEAK = YES;
				CLANG_WARN_BLOCK_CAPTURE_AUTORELEASING = YES;
				CLANG_WARN_BOOL_CONVERSION = YES;
				CLANG_WARN_COMMA = YES;
				CLANG_WARN_CONSTANT_CONVERSION = YES;
				CLANG_WARN_DEPRECATED_OBJC_IMPLEMENTATIONS = YES;
				CLANG_WARN_DIRECT_OBJC_ISA_USAGE = YES_ERROR;
				CLANG_WARN_DOCUMENTATION_COMMENTS = YES;
				CLANG_WARN_EMPTY_BODY = YES;
				CLANG_WARN_ENUM_CONVERSION = YES;
				CLANG_WARN_INFINITE_RECURSION = YES;
				CLANG_WARN_INT_CONVERSION = YES;
				CLANG_WARN_NON_LITERAL_NULL_CONVERSION = YES;
				CLANG_WARN_OBJC_IMPLICIT_RETAIN_SELF = YES;
				CLANG_WARN_OBJC_LITERAL_CONVERSION = YES;
				CLANG_WARN_OBJC_ROOT_CLASS = YES_ERROR;
				CLANG_WARN_QUOTED_INCLUDE_IN_FRAMEWORK_HEADER = YES;
				CLANG_WARN_RANGE_LOOP_ANALYSIS = YES;
				CLANG_WARN_STRICT_PROTOTYPES = YES;
				CLANG_WARN_SUSPICIOUS_MOVE = YES;
				CLANG_WARN_UNGUARDED_AVAILABILITY = YES_AGGRESSIVE;
				CLANG_WARN_UNREACHABLE_CODE = YES;
				CLANG_WARN__DUPLICATE_METHOD_MATCH = YES;
				COPY_PHASE_STRIP = NO;
				DEBUG_INFORMATION_FORMAT = "dwarf-with-dsym";
				ENABLE_NS_ASSERTIONS = NO;
				ENABLE_STRICT_OBJC_MSGSEND = YES;
				GCC_C_LANGUAGE_STANDARD = gnu11;
				GCC_NO_COMMON_BLOCKS = YES;
				GCC_WARN_64_TO_32_BIT_CONVERSION = YES;
				GCC_WARN_ABOUT_RETURN_TYPE = YES_ERROR;
				GCC_WARN_UNDECLARED_SELECTOR = YES;
				GCC_WARN_UNINITIALIZED_AUTOS = YES_AGGRESSIVE;
				GCC_WARN_UNUSED_FUNCTION = YES;
				GCC_WARN_UNUSED_VARIABLE = YES;
				IPHONEOS_DEPLOYMENT_TARGET = 14.5;
				MTL_ENABLE_DEBUG_INFO = NO;
				MTL_FAST_MATH = YES;
				SDKROOT = iphoneos;
				SWIFT_COMPILATION_MODE = wholemodule;
				SWIFT_OPTIMIZATION_LEVEL = "-O";
				VALIDATE_PRODUCT = YES;
			};
			name = Release;
		};
		BD1210D7265AB8700099E858 /* Debug */ = {
			isa = XCBuildConfiguration;
			buildSettings = {
				ASSETCATALOG_COMPILER_APPICON_NAME = AppIcon;
				ASSETCATALOG_COMPILER_GLOBAL_ACCENT_COLOR_NAME = AccentColor;
				CODE_SIGN_STYLE = Automatic;
				DEVELOPMENT_TEAM = 72T7UWRAFX;
				INFOPLIST_FILE = FootieChants/Info.plist;
				IPHONEOS_DEPLOYMENT_TARGET = 13.0;
				LD_RUNPATH_SEARCH_PATHS = (
					"$(inherited)",
					"@executable_path/Frameworks",
				);
				PRODUCT_BUNDLE_IDENTIFIER = T.A.FootieChants;
				PRODUCT_NAME = "$(TARGET_NAME)";
				SWIFT_VERSION = 5.0;
				TARGETED_DEVICE_FAMILY = 1;
			};
			name = Debug;
		};
		BD1210D8265AB8700099E858 /* Release */ = {
			isa = XCBuildConfiguration;
			buildSettings = {
				ASSETCATALOG_COMPILER_APPICON_NAME = AppIcon;
				ASSETCATALOG_COMPILER_GLOBAL_ACCENT_COLOR_NAME = AccentColor;
				CODE_SIGN_STYLE = Automatic;
				DEVELOPMENT_TEAM = 72T7UWRAFX;
				INFOPLIST_FILE = FootieChants/Info.plist;
				IPHONEOS_DEPLOYMENT_TARGET = 13.0;
				LD_RUNPATH_SEARCH_PATHS = (
					"$(inherited)",
					"@executable_path/Frameworks",
				);
				PRODUCT_BUNDLE_IDENTIFIER = T.A.FootieChants;
				PRODUCT_NAME = "$(TARGET_NAME)";
				SWIFT_VERSION = 5.0;
				TARGETED_DEVICE_FAMILY = 1;
			};
			name = Release;
		};
/* End XCBuildConfiguration section */

/* Begin XCConfigurationList section */
		BD1210BD265AB86F0099E858 /* Build configuration list for PBXProject "FootieChants" */ = {
			isa = XCConfigurationList;
			buildConfigurations = (
				BD1210D4265AB8700099E858 /* Debug */,
				BD1210D5265AB8700099E858 /* Release */,
			);
			defaultConfigurationIsVisible = 0;
			defaultConfigurationName = Release;
		};
		BD1210D6265AB8700099E858 /* Build configuration list for PBXNativeTarget "FootieChants" */ = {
			isa = XCConfigurationList;
			buildConfigurations = (
				BD1210D7265AB8700099E858 /* Debug */,
				BD1210D8265AB8700099E858 /* Release */,
			);
			defaultConfigurationIsVisible = 0;
			defaultConfigurationName = Release;
		};
/* End XCConfigurationList section */
	};
	rootObject = BD1210BA265AB86F0099E858 /* Project object */;
}
